
Microsoft Visual Studio Solution File, Format Version 12.00
# Visual Studio Version 17
VisualStudioVersion = 17.2.32616.157
MinimumVisualStudioVersion = 10.0.40219.1
Project("{FAE04EC0-301F-11D3-BF4B-00C04F79EFBC}") = "SeniorTest", "SeniorTest\SeniorTest.csproj", "{BD80C5F2-5757-48C5-B07E-4A18195000A3}"
EndProject
Project("{FAE04EC0-301F-11D3-BF4B-00C04F79EFBC}") = "SeniorTest.Api", "SeniorTest.Api\SeniorTest.Api.csproj", "{499DBEBB-45E0-4A59-BA9D-F291D6069D70}"
EndProject
Project("{FAE04EC0-301F-11D3-BF4B-00C04F79EFBC}") = "SeniorTest.DataModel", "SeniorTest.DataModel\SeniorTest.DataModel.csproj", "{C4E00DF6-ADCC-451B-A2D8-7C093738922E}"
EndProject
Project("{FAE04EC0-301F-11D3-BF4B-00C04F79EFBC}") = "SeniorTest.Core", "SeniorTest.Core\SeniorTest.Core.csproj", "{7A86261C-A6BE-4643-A83D-D5254A96E053}"
EndProject
Project("{FAE04EC0-301F-11D3-BF4B-00C04F79EFBC}") = "SeniorTest.Worker", "SeniorTest.Worker\SeniorTest.Worker.csproj", "{74078B6E-D1F6-4AFE-B003-AC9DEB58F88C}"
EndProject
Global
	GlobalSection(SolutionConfigurationPlatforms) = preSolution
		Debug|Any CPU = Debug|Any CPU
		Release|Any CPU = Release|Any CPU
	EndGlobalSection
	GlobalSection(ProjectConfigurationPlatforms) = postSolution
		{BD80C5F2-5757-48C5-B07E-4A18195000A3}.Debug|Any CPU.ActiveCfg = Debug|Any CPU
		{BD80C5F2-5757-48C5-B07E-4A18195000A3}.Debug|Any CPU.Build.0 = Debug|Any CPU
		{BD80C5F2-5757-48C5-B07E-4A18195000A3}.Release|Any CPU.ActiveCfg = Release|Any CPU
		{BD80C5F2-5757-48C5-B07E-4A18195000A3}.Release|Any CPU.Build.0 = Release|Any CPU
		{499DBEBB-45E0-4A59-BA9D-F291D6069D70}.Debug|Any CPU.ActiveCfg = Debug|Any CPU
		{499DBEBB-45E0-4A59-BA9D-F291D6069D70}.Debug|Any CPU.Build.0 = Debug|Any CPU
		{499DBEBB-45E0-4A59-BA9D-F291D6069D70}.Release|Any CPU.ActiveCfg = Release|Any CPU
		{499DBEBB-45E0-4A59-BA9D-F291D6069D70}.Release|Any CPU.Build.0 = Release|Any CPU
		{C4E00DF6-ADCC-451B-A2D8-7C093738922E}.Debug|Any CPU.ActiveCfg = Debug|Any CPU
		{C4E00DF6-ADCC-451B-A2D8-7C093738922E}.Debug|Any CPU.Build.0 = Debug|Any CPU
		{C4E00DF6-ADCC-451B-A2D8-7C093738922E}.Release|Any CPU.ActiveCfg = Release|Any CPU
		{C4E00DF6-ADCC-451B-A2D8-7C093738922E}.Release|Any CPU.Build.0 = Release|Any CPU
		{7A86261C-A6BE-4643-A83D-D5254A96E053}.Debug|Any CPU.ActiveCfg = Debug|Any CPU
		{7A86261C-A6BE-4643-A83D-D5254A96E053}.Debug|Any CPU.Build.0 = Debug|Any CPU
		{7A86261C-A6BE-4643-A83D-D5254A96E053}.Release|Any CPU.ActiveCfg = Release|Any CPU
		{7A86261C-A6BE-4643-A83D-D5254A96E053}.Release|Any CPU.Build.0 = Release|Any CPU
		{74078B6E-D1F6-4AFE-B003-AC9DEB58F88C}.Debug|Any CPU.ActiveCfg = Debug|Any CPU
		{74078B6E-D1F6-4AFE-B003-AC9DEB58F88C}.Debug|Any CPU.Build.0 = Debug|Any CPU
		{74078B6E-D1F6-4AFE-B003-AC9DEB58F88C}.Release|Any CPU.ActiveCfg = Release|Any CPU
		{74078B6E-D1F6-4AFE-B003-AC9DEB58F88C}.Release|Any CPU.Build.0 = Release|Any CPU
	EndGlobalSection
	GlobalSection(SolutionProperties) = preSolution
		HideSolutionNode = FALSE
	EndGlobalSection
	GlobalSection(ExtensibilityGlobals) = postSolution
		SolutionGuid = {096ACB13-D95A-40F5-B5E7-011260DA7645}
	EndGlobalSection
EndGlobal
